{
  "version": 4,
  "terraform_version": "1.10.3",
  "serial": 41,
  "lineage": "beb17c32-bb61-d678-b9a4-ba52a162c80f",
  "outputs": {
    "instance_public_ip": {
      "value": "164.152.46.150",
      "type": "string"
    },
    "load_balancer_ips": {
      "value": [
        "146.235.63.242"
      ],
      "type": [
        "tuple",
        [
          "string"
        ]
      ]
    }
  },
  "resources": [
    {
      "mode": "data",
      "type": "oci_core_images",
      "name": "selected_image",
      "provider": "provider[\"registry.terraform.io/oracle/oci\"]",
      "instances": [
        {
          "index_key": 0,
          "schema_version": 0,
          "attributes": {
            "compartment_id": "ocid1.tenancy.oc1..aaaaaaaanrs5oc63wehcthr5tpcwpbpfbwtck4a7e67o6ewxvbv3ocdxlhla",
            "display_name": null,
            "filter": [
              {
                "name": "display_name",
                "regex": false,
                "values": [
                  "Canonical-Ubuntu-24.04-Minimal-2025.07.23-0"
                ]
              }
            ],
            "id": "CoreImagesDataSource-4199273976",
            "images": [
              {
                "agent_features": [],
                "base_image_id": "",
                "billable_size_in_gbs": "2",
                "compartment_id": "",
                "create_image_allowed": true,
                "defined_tags": {},
                "display_name": "Canonical-Ubuntu-24.04-Minimal-2025.07.23-0",
                "freeform_tags": {},
                "id": "ocid1.image.oc1.sa-saopaulo-1.aaaaaaaab672ibs3oam5pflywngsf5mfrxpqaxf446xmyum5urtu2ux5avha",
                "image_source_details": [],
                "instance_id": "",
                "launch_mode": "NATIVE",
                "launch_options": [
                  {
                    "boot_volume_type": "PARAVIRTUALIZED",
                    "firmware": "UEFI_64",
                    "is_consistent_volume_naming_enabled": true,
                    "is_pv_encryption_in_transit_enabled": true,
                    "network_type": "PARAVIRTUALIZED",
                    "remote_data_volume_type": "PARAVIRTUALIZED"
                  }
                ],
                "listing_type": "",
                "operating_system": "Canonical Ubuntu",
                "operating_system_version": "24.04 Minimal",
                "size_in_mbs": "47694",
                "state": "AVAILABLE",
                "time_created": "2025-08-01 09:14:20.34 +0000 UTC"
              }
            ],
            "operating_system": null,
            "operating_system_version": null,
            "shape": null,
            "sort_by": "TIMECREATED",
            "sort_order": "DESC",
            "state": null
          },
          "sensitive_attributes": []
        }
      ]
    },
    {
      "mode": "data",
      "type": "oci_core_vnic_attachments",
      "name": "instance_attachments",
      "provider": "provider[\"registry.terraform.io/oracle/oci\"]",
      "instances": [
        {
          "schema_version": 0,
          "attributes": {
            "availability_domain": null,
            "compartment_id": "ocid1.compartment.oc1..aaaaaaaa3zrppkpafdfbo2a4ksz6x5t7bq6n4hvzhbrvmkkwj5aztp7r3oha",
            "filter": null,
            "id": "CoreVnicAttachmentsDataSource-762298156",
            "instance_id": "ocid1.instance.oc1.sa-saopaulo-1.antxeljrisx2acqclfmfvq6vg7pl6uqdeeek6vtcgueu3zvuy35uffbm3c7a",
            "vnic_attachments": [
              {
                "availability_domain": "VrTH:SA-SAOPAULO-1-AD-1",
                "compartment_id": "ocid1.compartment.oc1..aaaaaaaa3zrppkpafdfbo2a4ksz6x5t7bq6n4hvzhbrvmkkwj5aztp7r3oha",
                "create_vnic_details": [],
                "display_name": "",
                "id": "ocid1.vnicattachment.oc1.sa-saopaulo-1.antxeljrisx2acqczvzuhcjrgq637z7xpoxtkfvwxw5p5gc2b2l3px4xx36a",
                "instance_id": "ocid1.instance.oc1.sa-saopaulo-1.antxeljrisx2acqclfmfvq6vg7pl6uqdeeek6vtcgueu3zvuy35uffbm3c7a",
                "nic_index": 0,
                "state": "ATTACHED",
                "subnet_id": "ocid1.subnet.oc1.sa-saopaulo-1.aaaaaaaazqdxcztuvnlbzrw6y3iowkm7g7rhyxu6fwfily4znjx6qv3fwxya",
                "time_created": "2025-09-05 02:16:33.615 +0000 UTC",
                "vlan_id": "",
                "vlan_tag": 676,
                "vnic_id": "ocid1.vnic.oc1.sa-saopaulo-1.abtxeljrafvn4k2winu5uf2v6b4ezy3z2os6zd2l3gmm4yd6tbozta4vnnyq"
              }
            ],
            "vnic_id": null
          },
          "sensitive_attributes": []
        }
      ]
    },
    {
      "mode": "data",
      "type": "oci_identity_availability_domains",
      "name": "ads",
      "provider": "provider[\"registry.terraform.io/oracle/oci\"]",
      "instances": [
        {
          "schema_version": 0,
          "attributes": {
            "availability_domains": [
              {
                "compartment_id": "ocid1.compartment.oc1..aaaaaaaa3zrppkpafdfbo2a4ksz6x5t7bq6n4hvzhbrvmkkwj5aztp7r3oha",
                "id": "ocid1.availabilitydomain.oc1..aaaaaaaay5nesbty7quxigdwtp7axotkcglzi43jvfrnwvbv4dgjerqwxf5a",
                "name": "VrTH:SA-SAOPAULO-1-AD-1"
              }
            ],
            "compartment_id": "ocid1.compartment.oc1..aaaaaaaa3zrppkpafdfbo2a4ksz6x5t7bq6n4hvzhbrvmkkwj5aztp7r3oha",
            "filter": null,
            "id": "IdentityAvailabilityDomainsDataSource-2143792568"
          },
          "sensitive_attributes": []
        }
      ]
    },
    {
      "mode": "data",
      "type": "oci_identity_tenancy",
      "name": "tenancy",
      "provider": "provider[\"registry.terraform.io/oracle/oci\"]",
      "instances": [
        {
          "schema_version": 0,
          "attributes": {
            "defined_tags": {},
            "description": "ericogr",
            "freeform_tags": {},
            "home_region_key": "GRU",
            "id": "ocid1.tenancy.oc1..aaaaaaaanrs5oc63wehcthr5tpcwpbpfbwtck4a7e67o6ewxvbv3ocdxlhla",
            "name": "ericogr",
            "tenancy_id": "ocid1.tenancy.oc1..aaaaaaaanrs5oc63wehcthr5tpcwpbpfbwtck4a7e67o6ewxvbv3ocdxlhla",
            "upi_idcs_compatibility_layer_endpoint": null
          },
          "sensitive_attributes": []
        }
      ]
    },
    {
      "mode": "managed",
      "type": "oci_core_instance",
      "name": "vm",
      "provider": "provider[\"registry.terraform.io/oracle/oci\"]",
      "instances": [
        {
          "schema_version": 0,
          "attributes": {
            "agent_config": [
              {
                "are_all_plugins_disabled": false,
                "is_management_disabled": false,
                "is_monitoring_disabled": false,
                "plugins_config": []
              }
            ],
            "async": null,
            "availability_config": [
              {
                "is_live_migration_preferred": false,
                "recovery_action": "RESTORE_INSTANCE"
              }
            ],
            "availability_domain": "VrTH:SA-SAOPAULO-1-AD-1",
            "boot_volume_id": "ocid1.bootvolume.oc1.sa-saopaulo-1.abtxeljrubwbipquw3x6bsyxzm5jrwgzxmrspps6u5fucwh7p7prwrjdow7a",
            "capacity_reservation_id": null,
            "cluster_placement_group_id": null,
            "compartment_id": "ocid1.compartment.oc1..aaaaaaaa3zrppkpafdfbo2a4ksz6x5t7bq6n4hvzhbrvmkkwj5aztp7r3oha",
            "compute_cluster_id": null,
            "create_vnic_details": [
              {
                "assign_ipv6ip": false,
                "assign_private_dns_record": false,
                "assign_public_ip": "true",
                "defined_tags": {
                  "Oracle-Tags.CreatedBy": "default/quimera-terraform-20250904005733",
                  "Oracle-Tags.CreatedOn": "2025-09-05T02:16:28.896Z"
                },
                "display_name": "quimera-vnic",
                "freeform_tags": {},
                "hostname_label": "quimera-vnic",
                "ipv6address_ipv6subnet_cidr_pair_details": [],
                "nsg_ids": [],
                "private_ip": "10.0.1.38",
                "security_attributes": {},
                "skip_source_dest_check": false,
                "subnet_id": "ocid1.subnet.oc1.sa-saopaulo-1.aaaaaaaazqdxcztuvnlbzrw6y3iowkm7g7rhyxu6fwfily4znjx6qv3fwxya",
                "vlan_id": ""
              }
            ],
            "dedicated_vm_host_id": null,
            "defined_tags": {
              "Oracle-Tags.CreatedBy": "default/quimera-terraform-20250904005733",
              "Oracle-Tags.CreatedOn": "2025-09-05T02:16:28.786Z"
            },
            "display_name": "quimera-instance",
            "extended_metadata": {},
            "fault_domain": "FAULT-DOMAIN-1",
            "freeform_tags": {},
            "hostname_label": "quimera-vnic",
            "id": "ocid1.instance.oc1.sa-saopaulo-1.antxeljrisx2acqclfmfvq6vg7pl6uqdeeek6vtcgueu3zvuy35uffbm3c7a",
            "image": "ocid1.image.oc1.sa-saopaulo-1.aaaaaaaab672ibs3oam5pflywngsf5mfrxpqaxf446xmyum5urtu2ux5avha",
            "instance_configuration_id": null,
            "instance_options": [
              {
                "are_legacy_imds_endpoints_disabled": false
              }
            ],
            "ipxe_script": null,
            "is_cross_numa_node": false,
            "is_pv_encryption_in_transit_enabled": null,
            "launch_mode": "PARAVIRTUALIZED",
            "launch_options": [
              {
                "boot_volume_type": "PARAVIRTUALIZED",
                "firmware": "UEFI_64",
                "is_consistent_volume_naming_enabled": true,
                "is_pv_encryption_in_transit_enabled": false,
                "network_type": "PARAVIRTUALIZED",
                "remote_data_volume_type": "PARAVIRTUALIZED"
              }
            ],
            "launch_volume_attachments": [],
            "licensing_configs": [],
            "metadata": {
              "ssh_authorized_keys": "ssh-rsa AAAAB3NzaC1yc2EAAAADAQABAAACAQDEMn+IZTk3iyb7aLQIMlU/4RTPtpsASNyhEIAKfciLWcAmQi+IayQ2ilmtlV0tuNvHVV7pVazkeWgopwbXcPkS33eQgQ1XbWc/mQZ/oKhj18HG31uvsRSwoW1/F30vLTWwIidTKnx1qbb3wIY/pGHfPjW0zooiWYVVZj/wRvHoyg60vlGwN1s5RQ/kNoOx6zjiBjkoP6SeKzcZWmVnL7VA4efYdrUzGkjhvlQjOgmjorurEcitn4TOVzIWC1L7PhOHrgYYrR6eiC1hSYh0i+veWpIBQD2AP85weWF/Qeh948ayrhPlisgiGZcwLgmZKhl+P42tHDOTKq1TuQfu5TEDz3DUzZIPyHYMGKtJuuVk02PMYuxDMC0sNPU4nitaIVnBRubEUtkRjAB/cj028rVSZm9BeFrrV26rL9SiEoagsPD60j+dkiScGh8jzyo+PDvPg7MFHYTtgMb62zxMoUVuPTri2EwfgvMd+kweKCrWOHaW3TBC7PB8u5KxmrnPtAX1g+vCfrySIda0/NgHRfHZ50zH08iBPjwHuieQ+NMlq4tJon5CCP0LOf5P9Erd+71UaQPJtz50bfL9CJRzhBRR9YQX5pKw141ezCrJDH/KXek6/iP415MNGGIlZZSdmUi3PScGrdcxxLZF4k5Uk+BREQSEsXudB4GSvXWeJAe02w== ericogr@gmail.com"
            },
            "placement_constraint_details": [],
            "platform_config": [],
            "preemptible_instance_config": [],
            "preserve_boot_volume": null,
            "preserve_data_volumes_created_at_launch": null,
            "private_ip": "10.0.1.38",
            "public_ip": "164.152.46.150",
            "region": "sa-saopaulo-1",
            "security_attributes": {},
            "security_attributes_state": "STABLE",
            "shape": "VM.Standard.E2.1.Micro",
            "shape_config": [
              {
                "baseline_ocpu_utilization": "",
                "gpu_description": "",
                "gpus": 0,
                "local_disk_description": "",
                "local_disks": 0,
                "local_disks_total_size_in_gbs": 0,
                "max_vnic_attachments": 1,
                "memory_in_gbs": 1,
                "networking_bandwidth_in_gbps": 0.47999998927116394,
                "nvmes": 0,
                "ocpus": 1,
                "processor_description": "2.0 GHz AMD EPYC™ 7551 (Naples)",
                "vcpus": 2
              }
            ],
            "source_details": [
              {
                "boot_volume_size_in_gbs": "50",
                "boot_volume_vpus_per_gb": "10",
                "instance_source_image_filter_details": [],
                "is_preserve_boot_volume_enabled": false,
                "kms_key_id": "",
                "source_id": "ocid1.image.oc1.sa-saopaulo-1.aaaaaaaab672ibs3oam5pflywngsf5mfrxpqaxf446xmyum5urtu2ux5avha",
                "source_type": "image"
              }
            ],
            "state": "RUNNING",
            "subnet_id": "ocid1.subnet.oc1.sa-saopaulo-1.aaaaaaaazqdxcztuvnlbzrw6y3iowkm7g7rhyxu6fwfily4znjx6qv3fwxya",
            "system_tags": {
              "orcl-cloud.free-tier-retained": "true"
            },
            "time_created": "2025-09-05 02:16:29.286 +0000 UTC",
            "time_maintenance_reboot_due": "",
            "timeouts": null,
            "update_operation_constraint": null
          },
          "sensitive_attributes": [],
          "private": "eyJlMmJmYjczMC1lY2FhLTExZTYtOGY4OC0zNDM2M2JjN2M0YzAiOnsiY3JlYXRlIjoyNzAwMDAwMDAwMDAwLCJkZWxldGUiOjQ1MDAwMDAwMDAwMDAsInVwZGF0ZSI6MjcwMDAwMDAwMDAwMH19",
          "dependencies": [
            "data.oci_core_images.selected_image",
            "data.oci_identity_availability_domains.ads",
            "data.oci_identity_tenancy.tenancy",
            "oci_core_internet_gateway.igw",
            "oci_core_route_table.rt",
            "oci_core_security_list.sec_list",
            "oci_core_subnet.subnet",
            "oci_core_virtual_network.vcn"
          ]
        }
      ]
    },
    {
      "mode": "managed",
      "type": "oci_core_internet_gateway",
      "name": "igw",
      "provider": "provider[\"registry.terraform.io/oracle/oci\"]",
      "instances": [
        {
          "schema_version": 0,
          "attributes": {
            "compartment_id": "ocid1.compartment.oc1..aaaaaaaa3zrppkpafdfbo2a4ksz6x5t7bq6n4hvzhbrvmkkwj5aztp7r3oha",
            "defined_tags": {
              "Oracle-Tags.CreatedBy": "default/quimera-terraform-20250904005733",
              "Oracle-Tags.CreatedOn": "2025-09-05T01:59:25.047Z"
            },
            "display_name": "quimera-igw",
            "enabled": true,
            "freeform_tags": {},
            "id": "ocid1.internetgateway.oc1.sa-saopaulo-1.aaaaaaaauagyx56jkngjsw4mfupbp6nwafv4d5lasyvddrkywcalbnmhmezq",
            "route_table_id": null,
            "state": "AVAILABLE",
            "time_created": "2025-09-05 01:59:25.09 +0000 UTC",
            "timeouts": null,
            "vcn_id": "ocid1.vcn.oc1.sa-saopaulo-1.amaaaaaaisx2acqaxmj62of7kzad547uqrupsd55mwzxq2ftevs76g4i6hkq"
          },
          "sensitive_attributes": [],
          "private": "eyJlMmJmYjczMC1lY2FhLTExZTYtOGY4OC0zNDM2M2JjN2M0YzAiOnsiY3JlYXRlIjoxMjAwMDAwMDAwMDAwLCJkZWxldGUiOjEyMDAwMDAwMDAwMDAsInVwZGF0ZSI6MTIwMDAwMDAwMDAwMH19",
          "dependencies": [
            "oci_core_virtual_network.vcn"
          ]
        }
      ]
    },
    {
      "mode": "managed",
      "type": "oci_core_route_table",
      "name": "rt",
      "provider": "provider[\"registry.terraform.io/oracle/oci\"]",
      "instances": [
        {
          "schema_version": 0,
          "attributes": {
            "compartment_id": "ocid1.compartment.oc1..aaaaaaaa3zrppkpafdfbo2a4ksz6x5t7bq6n4hvzhbrvmkkwj5aztp7r3oha",
            "defined_tags": {
              "Oracle-Tags.CreatedBy": "default/quimera-terraform-20250904005733",
              "Oracle-Tags.CreatedOn": "2025-09-05T01:59:25.801Z"
            },
            "display_name": "quimera-rt",
            "freeform_tags": {},
            "id": "ocid1.routetable.oc1.sa-saopaulo-1.aaaaaaaakfu25ilk63yekezkvuf3ta777jahetuujbl6lzbxoftdp3d2eqta",
            "route_rules": [
              {
                "cidr_block": "0.0.0.0/0",
                "description": "",
                "destination": "0.0.0.0/0",
                "destination_type": "CIDR_BLOCK",
                "network_entity_id": "ocid1.internetgateway.oc1.sa-saopaulo-1.aaaaaaaauagyx56jkngjsw4mfupbp6nwafv4d5lasyvddrkywcalbnmhmezq",
                "route_type": "STATIC"
              }
            ],
            "state": "AVAILABLE",
            "time_created": "2025-09-05 01:59:25.837 +0000 UTC",
            "timeouts": null,
            "vcn_id": "ocid1.vcn.oc1.sa-saopaulo-1.amaaaaaaisx2acqaxmj62of7kzad547uqrupsd55mwzxq2ftevs76g4i6hkq"
          },
          "sensitive_attributes": [],
          "private": "eyJlMmJmYjczMC1lY2FhLTExZTYtOGY4OC0zNDM2M2JjN2M0YzAiOnsiY3JlYXRlIjoxMjAwMDAwMDAwMDAwLCJkZWxldGUiOjEyMDAwMDAwMDAwMDAsInVwZGF0ZSI6MTIwMDAwMDAwMDAwMH19",
          "dependencies": [
            "oci_core_internet_gateway.igw",
            "oci_core_virtual_network.vcn"
          ]
        }
      ]
    },
    {
      "mode": "managed",
      "type": "oci_core_security_list",
      "name": "sec_list",
      "provider": "provider[\"registry.terraform.io/oracle/oci\"]",
      "instances": [
        {
          "schema_version": 0,
          "attributes": {
            "compartment_id": "ocid1.compartment.oc1..aaaaaaaa3zrppkpafdfbo2a4ksz6x5t7bq6n4hvzhbrvmkkwj5aztp7r3oha",
            "defined_tags": {
              "Oracle-Tags.CreatedBy": "default/quimera-terraform-20250904005733",
              "Oracle-Tags.CreatedOn": "2025-09-05T01:59:25.043Z"
            },
            "display_name": "quimera-sec-list",
            "egress_security_rules": [
              {
                "description": "",
                "destination": "0.0.0.0/0",
                "destination_type": "CIDR_BLOCK",
                "icmp_options": [],
                "protocol": "all",
                "stateless": false,
                "tcp_options": [],
                "udp_options": []
              }
            ],
            "freeform_tags": {},
            "id": "ocid1.securitylist.oc1.sa-saopaulo-1.aaaaaaaaycua6a2pdlir3v33w4q7dopilb2tjf6hu6ygn5bjnyjugehobsxq",
            "ingress_security_rules": [
              {
                "description": "",
                "icmp_options": [],
                "protocol": "6",
                "source": "0.0.0.0/0",
                "source_type": "CIDR_BLOCK",
                "stateless": false,
                "tcp_options": [
                  {
                    "max": 22,
                    "min": 22,
                    "source_port_range": []
                  }
                ],
                "udp_options": []
              },
              {
                "description": "",
                "icmp_options": [],
                "protocol": "6",
                "source": "0.0.0.0/0",
                "source_type": "CIDR_BLOCK",
                "stateless": false,
                "tcp_options": [
                  {
                    "max": 443,
                    "min": 443,
                    "source_port_range": []
                  }
                ],
                "udp_options": []
              },
              {
                "description": "",
                "icmp_options": [],
                "protocol": "6",
                "source": "0.0.0.0/0",
                "source_type": "CIDR_BLOCK",
                "stateless": false,
                "tcp_options": [
                  {
                    "max": 8443,
                    "min": 8443,
                    "source_port_range": []
                  }
                ],
                "udp_options": []
              }
            ],
            "state": "AVAILABLE",
            "time_created": "2025-09-05 01:59:25.066 +0000 UTC",
            "timeouts": null,
            "vcn_id": "ocid1.vcn.oc1.sa-saopaulo-1.amaaaaaaisx2acqaxmj62of7kzad547uqrupsd55mwzxq2ftevs76g4i6hkq"
          },
          "sensitive_attributes": [],
          "private": "eyJlMmJmYjczMC1lY2FhLTExZTYtOGY4OC0zNDM2M2JjN2M0YzAiOnsiY3JlYXRlIjoxMjAwMDAwMDAwMDAwLCJkZWxldGUiOjEyMDAwMDAwMDAwMDAsInVwZGF0ZSI6MTIwMDAwMDAwMDAwMH19",
          "dependencies": [
            "oci_core_virtual_network.vcn"
          ]
        }
      ]
    },
    {
      "mode": "managed",
      "type": "oci_core_subnet",
      "name": "subnet",
      "provider": "provider[\"registry.terraform.io/oracle/oci\"]",
      "instances": [
        {
          "schema_version": 0,
          "attributes": {
            "availability_domain": "VrTH:SA-SAOPAULO-1-AD-1",
            "cidr_block": "10.0.1.0/24",
            "compartment_id": "ocid1.compartment.oc1..aaaaaaaa3zrppkpafdfbo2a4ksz6x5t7bq6n4hvzhbrvmkkwj5aztp7r3oha",
            "defined_tags": {
              "Oracle-Tags.CreatedBy": "default/quimera-terraform-20250904005733",
              "Oracle-Tags.CreatedOn": "2025-09-05T01:59:26.303Z"
            },
            "dhcp_options_id": "ocid1.dhcpoptions.oc1.sa-saopaulo-1.aaaaaaaavcmhazguubynowipawb5wwlxgebp3334mb4mpgoej6jjwk7jvvqq",
            "display_name": "quimera-subnet",
            "dns_label": "quimerasub",
            "freeform_tags": {},
            "id": "ocid1.subnet.oc1.sa-saopaulo-1.aaaaaaaazqdxcztuvnlbzrw6y3iowkm7g7rhyxu6fwfily4znjx6qv3fwxya",
            "ipv6cidr_block": null,
            "ipv6cidr_blocks": [],
            "ipv6virtual_router_ip": null,
            "prohibit_internet_ingress": false,
            "prohibit_public_ip_on_vnic": false,
            "route_table_id": "ocid1.routetable.oc1.sa-saopaulo-1.aaaaaaaakfu25ilk63yekezkvuf3ta777jahetuujbl6lzbxoftdp3d2eqta",
            "security_list_ids": [
              "ocid1.securitylist.oc1.sa-saopaulo-1.aaaaaaaaycua6a2pdlir3v33w4q7dopilb2tjf6hu6ygn5bjnyjugehobsxq"
            ],
            "state": "AVAILABLE",
            "subnet_domain_name": "quimerasub.quimera.oraclevcn.com",
            "time_created": "2025-09-05 01:59:26.35 +0000 UTC",
            "timeouts": null,
            "vcn_id": "ocid1.vcn.oc1.sa-saopaulo-1.amaaaaaaisx2acqaxmj62of7kzad547uqrupsd55mwzxq2ftevs76g4i6hkq",
            "virtual_router_ip": "10.0.1.1",
            "virtual_router_mac": "00:00:17:EE:9B:B3"
          },
          "sensitive_attributes": [],
          "private": "eyJlMmJmYjczMC1lY2FhLTExZTYtOGY4OC0zNDM2M2JjN2M0YzAiOnsiY3JlYXRlIjoxMjAwMDAwMDAwMDAwLCJkZWxldGUiOjEyMDAwMDAwMDAwMDAsInVwZGF0ZSI6MTIwMDAwMDAwMDAwMH19",
          "dependencies": [
            "data.oci_identity_availability_domains.ads",
            "oci_core_internet_gateway.igw",
            "oci_core_route_table.rt",
            "oci_core_security_list.sec_list",
            "oci_core_virtual_network.vcn"
          ]
        }
      ]
    },
    {
      "mode": "managed",
      "type": "oci_core_virtual_network",
      "name": "vcn",
      "provider": "provider[\"registry.terraform.io/oracle/oci\"]",
      "instances": [
        {
          "schema_version": 0,
          "attributes": {
            "byoipv6cidr_blocks": [],
            "byoipv6cidr_details": [],
            "cidr_block": "10.0.0.0/16",
            "cidr_blocks": [
              "10.0.0.0/16"
            ],
            "compartment_id": "ocid1.compartment.oc1..aaaaaaaa3zrppkpafdfbo2a4ksz6x5t7bq6n4hvzhbrvmkkwj5aztp7r3oha",
            "default_dhcp_options_id": "ocid1.dhcpoptions.oc1.sa-saopaulo-1.aaaaaaaavcmhazguubynowipawb5wwlxgebp3334mb4mpgoej6jjwk7jvvqq",
            "default_route_table_id": "ocid1.routetable.oc1.sa-saopaulo-1.aaaaaaaayn4zfz3dokl4qcvvxz6jd6qlqiyvzzmgfhjodcflglgonql6kgsa",
            "default_security_list_id": "ocid1.securitylist.oc1.sa-saopaulo-1.aaaaaaaa42r3nswvlcoub5zk6ncelixzk5padbvl6p6scajr5stptzuhxijq",
            "defined_tags": {
              "Oracle-Tags.CreatedBy": "default/quimera-terraform-20250904005733",
              "Oracle-Tags.CreatedOn": "2025-09-05T01:59:24.269Z"
            },
            "display_name": "quimera-vcn",
            "dns_label": "quimera",
            "freeform_tags": {},
            "id": "ocid1.vcn.oc1.sa-saopaulo-1.amaaaaaaisx2acqaxmj62of7kzad547uqrupsd55mwzxq2ftevs76g4i6hkq",
            "ipv6cidr_blocks": [],
            "ipv6private_cidr_blocks": [],
            "is_ipv6enabled": false,
            "is_oracle_gua_allocation_enabled": null,
            "security_attributes": {},
            "state": "AVAILABLE",
            "time_created": "2025-09-05 01:59:24.328 +0000 UTC",
            "timeouts": null,
            "vcn_domain_name": "quimera.oraclevcn.com"
          },
          "sensitive_attributes": [],
          "private": "eyJlMmJmYjczMC1lY2FhLTExZTYtOGY4OC0zNDM2M2JjN2M0YzAiOnsiY3JlYXRlIjoxMjAwMDAwMDAwMDAwLCJkZWxldGUiOjEyMDAwMDAwMDAwMDAsInVwZGF0ZSI6MTIwMDAwMDAwMDAwMH19"
        }
      ]
    },
    {
      "mode": "managed",
      "type": "oci_load_balancer_backend",
      "name": "backend",
      "provider": "provider[\"registry.terraform.io/oracle/oci\"]",
      "instances": [
        {
          "schema_version": 0,
          "attributes": {
            "backendset_name": "app-backend-set",
            "backup": false,
            "drain": false,
            "id": "loadBalancers/ocid1.loadbalancer.oc1.sa-saopaulo-1.aaaaaaaa4aralpumxpqsgt3adjgyctuwjhzcnvf42vnvteo6o2y6jg6ftnzq/backendSets/app-backend-set/backends/10.0.1.38:8443",
            "ip_address": "10.0.1.38",
            "load_balancer_id": "ocid1.loadbalancer.oc1.sa-saopaulo-1.aaaaaaaa4aralpumxpqsgt3adjgyctuwjhzcnvf42vnvteo6o2y6jg6ftnzq",
            "max_connections": null,
            "name": "10.0.1.38:8443",
            "offline": false,
            "port": 8443,
            "state": "SUCCEEDED",
            "timeouts": null,
            "weight": 1
          },
          "sensitive_attributes": [],
          "private": "eyJlMmJmYjczMC1lY2FhLTExZTYtOGY4OC0zNDM2M2JjN2M0YzAiOnsiY3JlYXRlIjoxMjAwMDAwMDAwMDAwLCJkZWxldGUiOjEyMDAwMDAwMDAwMDAsInVwZGF0ZSI6MTIwMDAwMDAwMDAwMH19",
          "dependencies": [
            "data.oci_core_images.selected_image",
            "data.oci_identity_availability_domains.ads",
            "data.oci_identity_tenancy.tenancy",
            "oci_core_instance.vm",
            "oci_core_internet_gateway.igw",
            "oci_core_route_table.rt",
            "oci_core_security_list.sec_list",
            "oci_core_subnet.subnet",
            "oci_core_virtual_network.vcn",
            "oci_load_balancer_backend_set.backend_set",
            "oci_load_balancer_load_balancer.lb"
          ]
        }
      ]
    },
    {
      "mode": "managed",
      "type": "oci_load_balancer_backend_set",
      "name": "backend_set",
      "provider": "provider[\"registry.terraform.io/oracle/oci\"]",
      "instances": [
        {
          "schema_version": 0,
          "attributes": {
            "backend": [],
            "backend_max_connections": null,
            "health_checker": [
              {
                "interval_ms": 30000,
                "is_force_plain_text": false,
                "port": 8443,
                "protocol": "TCP",
                "response_body_regex": ".*",
                "retries": 3,
                "return_code": 200,
                "timeout_in_millis": 3000,
                "url_path": ""
              }
            ],
            "id": "loadBalancers/ocid1.loadbalancer.oc1.sa-saopaulo-1.aaaaaaaa4aralpumxpqsgt3adjgyctuwjhzcnvf42vnvteo6o2y6jg6ftnzq/backendSets/app-backend-set",
            "lb_cookie_session_persistence_configuration": [],
            "load_balancer_id": "ocid1.loadbalancer.oc1.sa-saopaulo-1.aaaaaaaa4aralpumxpqsgt3adjgyctuwjhzcnvf42vnvteo6o2y6jg6ftnzq",
            "name": "app-backend-set",
            "policy": "ROUND_ROBIN",
            "session_persistence_configuration": [],
            "ssl_configuration": [],
            "state": "SUCCEEDED",
            "timeouts": null
          },
          "sensitive_attributes": [],
          "private": "eyJlMmJmYjczMC1lY2FhLTExZTYtOGY4OC0zNDM2M2JjN2M0YzAiOnsiY3JlYXRlIjoxMjAwMDAwMDAwMDAwLCJkZWxldGUiOjEyMDAwMDAwMDAwMDAsInVwZGF0ZSI6MTIwMDAwMDAwMDAwMH19",
          "dependencies": [
            "data.oci_identity_availability_domains.ads",
            "oci_core_internet_gateway.igw",
            "oci_core_route_table.rt",
            "oci_core_security_list.sec_list",
            "oci_core_subnet.subnet",
            "oci_core_virtual_network.vcn",
            "oci_load_balancer_load_balancer.lb"
          ]
        }
      ]
    },
    {
      "mode": "managed",
      "type": "oci_load_balancer_listener",
      "name": "listener",
      "provider": "provider[\"registry.terraform.io/oracle/oci\"]",
      "instances": [
        {
          "schema_version": 0,
          "attributes": {
            "connection_configuration": [
              {
                "backend_tcp_proxy_protocol_options": [],
                "backend_tcp_proxy_protocol_version": 0,
                "idle_timeout_in_seconds": "300"
              }
            ],
            "default_backend_set_name": "app-backend-set",
            "hostname_names": [],
            "id": "loadBalancers/ocid1.loadbalancer.oc1.sa-saopaulo-1.aaaaaaaa4aralpumxpqsgt3adjgyctuwjhzcnvf42vnvteo6o2y6jg6ftnzq/listeners/tcp-listener",
            "load_balancer_id": "ocid1.loadbalancer.oc1.sa-saopaulo-1.aaaaaaaa4aralpumxpqsgt3adjgyctuwjhzcnvf42vnvteo6o2y6jg6ftnzq",
            "name": "tcp-listener",
            "path_route_set_name": null,
            "port": 443,
            "protocol": "TCP",
            "routing_policy_name": null,
            "rule_set_names": [],
            "ssl_configuration": [],
            "state": "SUCCEEDED",
            "timeouts": null
          },
          "sensitive_attributes": [],
          "private": "eyJlMmJmYjczMC1lY2FhLTExZTYtOGY4OC0zNDM2M2JjN2M0YzAiOnsiY3JlYXRlIjoxMjAwMDAwMDAwMDAwLCJkZWxldGUiOjEyMDAwMDAwMDAwMDAsInVwZGF0ZSI6MTIwMDAwMDAwMDAwMH19",
          "dependencies": [
            "data.oci_identity_availability_domains.ads",
            "oci_core_internet_gateway.igw",
            "oci_core_route_table.rt",
            "oci_core_security_list.sec_list",
            "oci_core_subnet.subnet",
            "oci_core_virtual_network.vcn",
            "oci_load_balancer_backend_set.backend_set",
            "oci_load_balancer_load_balancer.lb"
          ]
        }
      ]
    },
    {
      "mode": "managed",
      "type": "oci_load_balancer_load_balancer",
      "name": "lb",
      "provider": "provider[\"registry.terraform.io/oracle/oci\"]",
      "instances": [
        {
          "schema_version": 0,
          "attributes": {
            "compartment_id": "ocid1.compartment.oc1..aaaaaaaa3zrppkpafdfbo2a4ksz6x5t7bq6n4hvzhbrvmkkwj5aztp7r3oha",
            "defined_tags": {
              "Oracle-Tags.CreatedBy": "default/quimera-terraform-20250904005733",
              "Oracle-Tags.CreatedOn": "2025-09-05T12:47:16.012Z"
            },
            "display_name": "quimera-lb",
            "freeform_tags": {},
            "id": "ocid1.loadbalancer.oc1.sa-saopaulo-1.aaaaaaaa4aralpumxpqsgt3adjgyctuwjhzcnvf42vnvteo6o2y6jg6ftnzq",
            "ip_address_details": [
              {
                "ip_address": "146.235.63.242",
                "is_public": true,
                "reserved_ip": []
              }
            ],
            "ip_addresses": [
              "146.235.63.242"
            ],
            "ip_mode": "IPV4",
            "ipv6subnet_cidr": null,
            "is_delete_protection_enabled": null,
            "is_private": false,
            "is_request_id_enabled": null,
            "network_security_group_ids": null,
            "request_id_header": null,
            "reserved_ips": [],
            "security_attributes": {},
            "shape": "flexible",
            "shape_details": [
              {
                "maximum_bandwidth_in_mbps": 10,
                "minimum_bandwidth_in_mbps": 10
              }
            ],
            "state": "ACTIVE",
            "subnet_ids": [
              "ocid1.subnet.oc1.sa-saopaulo-1.aaaaaaaazqdxcztuvnlbzrw6y3iowkm7g7rhyxu6fwfily4znjx6qv3fwxya"
            ],
            "system_tags": {},
            "time_created": "2025-09-05 12:47:16.239 +0000 UTC",
            "timeouts": null
          },
          "sensitive_attributes": [],
          "private": "eyJlMmJmYjczMC1lY2FhLTExZTYtOGY4OC0zNDM2M2JjN2M0YzAiOnsiY3JlYXRlIjoxMjAwMDAwMDAwMDAwLCJkZWxldGUiOjEyMDAwMDAwMDAwMDAsInVwZGF0ZSI6MTIwMDAwMDAwMDAwMH19",
          "dependencies": [
            "data.oci_identity_availability_domains.ads",
            "oci_core_internet_gateway.igw",
            "oci_core_route_table.rt",
            "oci_core_security_list.sec_list",
            "oci_core_subnet.subnet",
            "oci_core_virtual_network.vcn"
          ]
        }
      ]
    }
  ],
  "check_results": null
}
